// !$*UTF8*$!
{
	archiveVersion = 1;
	classes = {
	};
	objectVersion = 51;
	objects = {

/* Begin PBXBuildFile section */
		24FCB3092508ED1D00757637 /* AppDelegate.swift in Sources */ = {isa = PBXBuildFile; fileRef = 24FCB3082508ED1D00757637 /* AppDelegate.swift */; };
		24FCB30B2508ED1D00757637 /* SceneDelegate.swift in Sources */ = {isa = PBXBuildFile; fileRef = 24FCB30A2508ED1D00757637 /* SceneDelegate.swift */; };
		24FCB30D2508ED1D00757637 /* ViewController.swift in Sources */ = {isa = PBXBuildFile; fileRef = 24FCB30C2508ED1D00757637 /* ViewController.swift */; };
		24FCB3102508ED1D00757637 /* Main.storyboard in Resources */ = {isa = PBXBuildFile; fileRef = 24FCB30E2508ED1D00757637 /* Main.storyboard */; };
		24FCB3122508ED1E00757637 /* Assets.xcassets in Resources */ = {isa = PBXBuildFile; fileRef = 24FCB3112508ED1E00757637 /* Assets.xcassets */; };
		24FCB3152508ED1E00757637 /* LaunchScreen.storyboard in Resources */ = {isa = PBXBuildFile; fileRef = 24FCB3132508ED1E00757637 /* LaunchScreen.storyboard */; };
		24FCB31D2508ED6100757637 /* FlowerClassifier.mlmodel in Sources */ = {isa = PBXBuildFile; fileRef = 24FCB31C2508ED6000757637 /* FlowerClassifier.mlmodel */; };
		4738E165B1B418AFA7B3589C /* Pods_FloraLookup.framework in Frameworks */ = {isa = PBXBuildFile; fileRef = D2FA959B4EF5DDFE3F5D3BDE /* Pods_FloraLookup.framework */; };
/* End PBXBuildFile section */

/* Begin PBXFileReference section */
		24FCB3052508ED1D00757637 /* Flora Lookup.app */ = {isa = PBXFileReference; explicitFileType = wrapper.application; includeInIndex = 0; path = "Flora Lookup.app"; sourceTree = BUILT_PRODUCTS_DIR; };
		24FCB3082508ED1D00757637 /* AppDelegate.swift */ = {isa = PBXFileReference; lastKnownFileType = sourcecode.swift; path = AppDelegate.swift; sourceTree = "<group>"; };
		24FCB30A2508ED1D00757637 /* SceneDelegate.swift */ = {isa = PBXFileReference; lastKnownFileType = sourcecode.swift; path = SceneDelegate.swift; sourceTree = "<group>"; };
		24FCB30C2508ED1D00757637 /* ViewController.swift */ = {isa = PBXFileReference; lastKnownFileType = sourcecode.swift; path = ViewController.swift; sourceTree = "<group>"; };
		24FCB30F2508ED1D00757637 /* Base */ = {isa = PBXFileReference; lastKnownFileType = file.storyboard; name = Base; path = Base.lproj/Main.storyboard; sourceTree = "<group>"; };
		24FCB3112508ED1E00757637 /* Assets.xcassets */ = {isa = PBXFileReference; lastKnownFileType = folder.assetcatalog; path = Assets.xcassets; sourceTree = "<group>"; };
		24FCB3142508ED1E00757637 /* Base */ = {isa = PBXFileReference; lastKnownFileType = file.storyboard; name = Base; path = Base.lproj/LaunchScreen.storyboard; sourceTree = "<group>"; };
		24FCB3162508ED1E00757637 /* Info.plist */ = {isa = PBXFileReference; lastKnownFileType = text.plist.xml; path = Info.plist; sourceTree = "<group>"; };
		24FCB31C2508ED6000757637 /* FlowerClassifier.mlmodel */ = {isa = PBXFileReference; lastKnownFileType = file.mlmodel; path = FlowerClassifier.mlmodel; sourceTree = "<group>"; };
		B210037FBBB5E183F4B0C8F0 /* Pods-FloraLookup.release.xcconfig */ = {isa = PBXFileReference; includeInIndex = 1; lastKnownFileType = text.xcconfig; name = "Pods-FloraLookup.release.xcconfig"; path = "Target Support Files/Pods-FloraLookup/Pods-FloraLookup.release.xcconfig"; sourceTree = "<group>"; };
		D2FA959B4EF5DDFE3F5D3BDE /* Pods_FloraLookup.framework */ = {isa = PBXFileReference; explicitFileType = wrapper.framework; includeInIndex = 0; path = Pods_FloraLookup.framework; sourceTree = BUILT_PRODUCTS_DIR; };
		E386FD7847BC2EC4242211C6 /* Pods-FloraLookup.debug.xcconfig */ = {isa = PBXFileReference; includeInIndex = 1; lastKnownFileType = text.xcconfig; name = "Pods-FloraLookup.debug.xcconfig"; path = "Target Support Files/Pods-FloraLookup/Pods-FloraLookup.debug.xcconfig"; sourceTree = "<group>"; };
/* End PBXFileReference section */

/* Begin PBXFrameworksBuildPhase section */
		24FCB3022508ED1D00757637 /* Frameworks */ = {
			isa = PBXFrameworksBuildPhase;
			buildActionMask = 2147483647;
			files = (
				4738E165B1B418AFA7B3589C /* Pods_FloraLookup.framework in Frameworks */,
			);
			runOnlyForDeploymentPostprocessing = 0;
		};
/* End PBXFrameworksBuildPhase section */

/* Begin PBXGroup section */
		24FCB2FC2508ED1D00757637 = {
			isa = PBXGroup;
			children = (
				24FCB3072508ED1D00757637 /* FloraLookup */,
				24FCB3062508ED1D00757637 /* Products */,
				254ABBFDCC0F3AC9D42F407B /* Pods */,
				6A325895891525047B8EE942 /* Frameworks */,
			);
			sourceTree = "<group>";
		};
		24FCB3062508ED1D00757637 /* Products */ = {
			isa = PBXGroup;
			children = (
				24FCB3052508ED1D00757637 /* Flora Lookup.app */,
			);
			name = Products;
			sourceTree = "<group>";
		};
		24FCB3072508ED1D00757637 /* FloraLookup */ = {
			isa = PBXGroup;
			children = (
				24FCB3082508ED1D00757637 /* AppDelegate.swift */,
				24FCB30A2508ED1D00757637 /* SceneDelegate.swift */,
				24FCB30C2508ED1D00757637 /* ViewController.swift */,
				24FCB30E2508ED1D00757637 /* Main.storyboard */,
				24FCB3112508ED1E00757637 /* Assets.xcassets */,
				24FCB3132508ED1E00757637 /* LaunchScreen.storyboard */,
				24FCB3162508ED1E00757637 /* Info.plist */,
				24FCB31C2508ED6000757637 /* FlowerClassifier.mlmodel */,
			);
			path = FloraLookup;
			sourceTree = "<group>";
		};
		254ABBFDCC0F3AC9D42F407B /* Pods */ = {
			isa = PBXGroup;
			children = (
				E386FD7847BC2EC4242211C6 /* Pods-FloraLookup.debug.xcconfig */,
				B210037FBBB5E183F4B0C8F0 /* Pods-FloraLookup.release.xcconfig */,
			);
			path = Pods;
			sourceTree = "<group>";
		};
		6A325895891525047B8EE942 /* Frameworks */ = {
			isa = PBXGroup;
			children = (
				D2FA959B4EF5DDFE3F5D3BDE /* Pods_FloraLookup.framework */,
			);
			name = Frameworks;
			sourceTree = "<group>";
		};
/* End PBXGroup section */

/* Begin PBXNativeTarget section */
		24FCB3042508ED1D00757637 /* FloraLookup */ = {
			isa = PBXNativeTarget;
			buildConfigurationList = 24FCB3192508ED1E00757637 /* Build configuration list for PBXNativeTarget "FloraLookup" */;
			buildPhases = (
				C6D99A59B9BB460EE141D76A /* [CP] Check Pods Manifest.lock */,
				24FCB3012508ED1D00757637 /* Sources */,
				24FCB3022508ED1D00757637 /* Frameworks */,
				24FCB3032508ED1D00757637 /* Resources */,
				83D69D04F1B86710814B24B9 /* [CP] Embed Pods Frameworks */,
			);
			buildRules = (
			);
			dependencies = (
			);
			name = FloraLookup;
			productName = FloraLookup;
			productReference = 24FCB3052508ED1D00757637 /* Flora Lookup.app */;
			productType = "com.apple.product-type.application";
		};
/* End PBXNativeTarget section */

/* Begin PBXProject section */
		24FCB2FD2508ED1D00757637 /* Project object */ = {
			isa = PBXProject;
			attributes = {
				LastSwiftUpdateCheck = 1160;
				LastUpgradeCheck = 1160;
				ORGANIZATIONNAME = AmeerMuhammed;
				TargetAttributes = {
					24FCB3042508ED1D00757637 = {
						CreatedOnToolsVersion = 11.6;
					};
				};
			};
			buildConfigurationList = 24FCB3002508ED1D00757637 /* Build configuration list for PBXProject "FloraLookup" */;
			compatibilityVersion = "Xcode 9.3";
			developmentRegion = en;
			hasScannedForEncodings = 0;
			knownRegions = (
				en,
				Base,
			);
			mainGroup = 24FCB2FC2508ED1D00757637;
			productRefGroup = 24FCB3062508ED1D00757637 /* Products */;
			projectDirPath = "";
			projectRoot = "";
			targets = (
				24FCB3042508ED1D00757637 /* FloraLookup */,
			);
		};
/* End PBXProject section */

/* Begin PBXResourcesBuildPhase section */
		24FCB3032508ED1D00757637 /* Resources */ = {
			isa = PBXResourcesBuildPhase;
			buildActionMask = 2147483647;
			files = (
				24FCB3152508ED1E00757637 /* LaunchScreen.storyboard in Resources */,
				24FCB3122508ED1E00757637 /* Assets.xcassets in Resources */,
				24FCB3102508ED1D00757637 /* Main.storyboard in Resources */,
			);
			runOnlyForDeploymentPostprocessing = 0;
		};
/* End PBXResourcesBuildPhase section */

/* Begin PBXShellScriptBuildPhase section */
		83D69D04F1B86710814B24B9 /* [CP] Embed Pods Frameworks */ = {
			isa = PBXShellScriptBuildPhase;
			buildActionMask = 2147483647;
			files = (
			);
			inputFileListPaths = (
				"${PODS_ROOT}/Target Support Files/Pods-FloraLookup/Pods-FloraLookup-frameworks-${CONFIGURATION}-input-files.xcfilelist",
			);
			name = "[CP] Embed Pods Frameworks";
			outputFileListPaths = (
				"${PODS_ROOT}/Target Support Files/Pods-FloraLookup/Pods-FloraLookup-frameworks-${CONFIGURATION}-output-files.xcfilelist",
			);
			runOnlyForDeploymentPostprocessing = 0;
			shellPath = /bin/sh;
			shellScript = "\"${PODS_ROOT}/Target Support Files/Pods-FloraLookup/Pods-FloraLookup-frameworks.sh\"\n";
			showEnvVarsInLog = 0;
		};
		C6D99A59B9BB460EE141D76A /* [CP] Check Pods Manifest.lock */ = {
			isa = PBXShellScriptBuildPhase;
			buildActionMask = 2147483647;
			files = (
			);
			inputFileListPaths = (
			);
			inputPaths = (
				"${PODS_PODFILE_DIR_PATH}/Podfile.lock",
				"${PODS_ROOT}/Manifest.lock",
			);
			name = "[CP] Check Pods Manifest.lock";
			outputFileListPaths = (
			);
			outputPaths = (
				"$(DERIVED_FILE_DIR)/Pods-FloraLookup-checkManifestLockResult.txt",
			);
			runOnlyForDeploymentPostprocessing = 0;
			shellPath = /bin/sh;
			shellScript = "diff \"${PODS_PODFILE_DIR_PATH}/Podfile.lock\" \"${PODS_ROOT}/Manifest.lock\" > /dev/null\nif [ $? != 0 ] ; then\n    # print error to STDERR\n    echo \"error: The sandbox is not in sync with the Podfile.lock. Run 'pod install' or update your CocoaPods installation.\" >&2\n    exit 1\nfi\n# This output is used by Xcode 'outputs' to avoid re-running this script phase.\necho \"SUCCESS\" > \"${SCRIPT_OUTPUT_FILE_0}\"\n";
			showEnvVarsInLog = 0;
		};
/* End PBXShellScriptBuildPhase section */

/* Begin PBXSourcesBuildPhase section */
		24FCB3012508ED1D00757637 /* Sources */ = {
			isa = PBXSourcesBuildPhase;
			buildActionMask = 2147483647;
			files = (
				24FCB31D2508ED6100757637 /* FlowerClassifier.mlmodel in Sources */,
				24FCB30D2508ED1D00757637 /* ViewController.swift in Sources */,
				24FCB3092508ED1D00757637 /* AppDelegate.swift in Sources */,
				24FCB30B2508ED1D00757637 /* SceneDelegate.swift in Sources */,
			);
			runOnlyForDeploymentPostprocessing = 0;
		};
/* End PBXSourcesBuildPhase section */

/* Begin PBXVariantGroup section */
		24FCB30E2508ED1D00757637 /* Main.storyboard */ = {
			isa = PBXVariantGroup;
			children = (
				24FCB30F2508ED1D00757637 /* Base */,
			);
			name = Main.storyboard;
			sourceTree = "<group>";
		};
		24FCB3132508ED1E00757637 /* LaunchScreen.storyboard */ = {
			isa = PBXVariantGroup;
			children = (
				24FCB3142508ED1E00757637 /* Base */,
			);
			name = LaunchScreen.storyboard;
			sourceTree = "<group>";
		};
/* End PBXVariantGroup section */

/* Begin XCBuildConfiguration section */
		24FCB3172508ED1E00757637 /* Debug */ = {
			isa = XCBuildConfiguration;
			buildSettings = {
				ALWAYS_SEARCH_USER_PATHS = NO;
				CLANG_ANALYZER_NONNULL = YES;
				CLANG_ANALYZER_NUMBER_OBJECT_CONVERSION = YES_AGGRESSIVE;
				CLANG_CXX_LANGUAGE_STANDARD = "gnu++14";
				CLANG_CXX_LIBRARY = "libc++";
				CLANG_ENABLE_MODULES = YES;
				CLANG_ENABLE_OBJC_ARC = YES;
				CLANG_ENABLE_OBJC_WEAK = YES;
				CLANG_WARN_BLOCK_CAPTURE_AUTORELEASING = YES;
				CLANG_WARN_BOOL_CONVERSION = YES;
				CLANG_WARN_COMMA = YES;
				CLANG_WARN_CONSTANT_CONVERSION = YES;
				CLANG_WARN_DEPRECATED_OBJC_IMPLEMENTATIONS = YES;
				CLANG_WARN_DIRECT_OBJC_ISA_USAGE = YES_ERROR;
				CLANG_WARN_DOCUMENTATION_COMMENTS = YES;
				CLANG_WARN_EMPTY_BODY = YES;
				CLANG_WARN_ENUM_CONVERSION = YES;
				CLANG_WARN_INFINITE_RECURSION = YES;
				CLANG_WARN_INT_CONVERSION = YES;
				CLANG_WARN_NON_LITERAL_NULL_CONVERSION = YES;
				CLANG_WARN_OBJC_IMPLICIT_RETAIN_SELF = YES;
				CLANG_WARN_OBJC_LITERAL_CONVERSION = YES;
				CLANG_WARN_OBJC_ROOT_CLASS = YES_ERROR;
				CLANG_WARN_RANGE_LOOP_ANALYSIS = YES;
				CLANG_WARN_STRICT_PROTOTYPES = YES;
				CLANG_WARN_SUSPICIOUS_MOVE = YES;
				CLANG_WARN_UNGUARDED_AVAILABILITY = YES_AGGRESSIVE;
				CLANG_WARN_UNREACHABLE_CODE = YES;
				CLANG_WARN__DUPLICATE_METHOD_MATCH = YES;
				COPY_PHASE_STRIP = NO;
				DEBUG_INFORMATION_FORMAT = dwarf;
				ENABLE_STRICT_OBJC_MSGSEND = YES;
				ENABLE_TESTABILITY = YES;
				GCC_C_LANGUAGE_STANDARD = gnu11;
				GCC_DYNAMIC_NO_PIC = NO;
				GCC_NO_COMMON_BLOCKS = YES;
				GCC_OPTIMIZATION_LEVEL = 0;
				GCC_PREPROCESSOR_DEFINITIONS = (
					"DEBUG=1",
					"$(inherited)",
				);
				GCC_WARN_64_TO_32_BIT_CONVERSION = YES;
				GCC_WARN_ABOUT_RETURN_TYPE = YES_ERROR;
				GCC_WARN_UNDECLARED_SELECTOR = YES;
				GCC_WARN_UNINITIALIZED_AUTOS = YES_AGGRESSIVE;
				GCC_WARN_UNUSED_FUNCTION = YES;
				GCC_WARN_UNUSED_VARIABLE = YES;
				IPHONEOS_DEPLOYMENT_TARGET = 13.6;
				MTL_ENABLE_DEBUG_INFO = INCLUDE_SOURCE;
				MTL_FAST_MATH = YES;
				ONLY_ACTIVE_ARCH = YES;
				SDKROOT = iphoneos;
				SWIFT_ACTIVE_COMPILATION_CONDITIONS = DEBUG;
				SWIFT_OPTIMIZATION_LEVEL = "-Onone";
			};
			name = Debug;
		};
		24FCB3182508ED1E00757637 /* Release */ = {
			isa = XCBuildConfiguration;
			buildSettings = {
				ALWAYS_SEARCH_USER_PATHS = NO;
				CLANG_ANALYZER_NONNULL = YES;
				CLANG_ANALYZER_NUMBER_OBJECT_CONVERSION = YES_AGGRESSIVE;
				CLANG_CXX_LANGUAGE_STANDARD = "gnu++14";
				CLANG_CXX_LIBRARY = "libc++";
				CLANG_ENABLE_MODULES = YES;
				CLANG_ENABLE_OBJC_ARC = YES;
				CLANG_ENABLE_OBJC_WEAK = YES;
				CLANG_WARN_BLOCK_CAPTURE_AUTORELEASING = YES;
				CLANG_WARN_BOOL_CONVERSION = YES;
				CLANG_WARN_COMMA = YES;
				CLANG_WARN_CONSTANT_CONVERSION = YES;
				CLANG_WARN_DEPRECATED_OBJC_IMPLEMENTATIONS = YES;
				CLANG_WARN_DIRECT_OBJC_ISA_USAGE = YES_ERROR;
				CLANG_WARN_DOCUMENTATION_COMMENTS = YES;
				CLANG_WARN_EMPTY_BODY = YES;
				CLANG_WARN_ENUM_CONVERSION = YES;
				CLANG_WARN_INFINITE_RECURSION = YES;
				CLANG_WARN_INT_CONVERSION = YES;
				CLANG_WARN_NON_LITERAL_NULL_CONVERSION = YES;
				CLANG_WARN_OBJC_IMPLICIT_RETAIN_SELF = YES;
				CLANG_WARN_OBJC_LITERAL_CONVERSION = YES;
				CLANG_WARN_OBJC_ROOT_CLASS = YES_ERROR;
				CLANG_WARN_RANGE_LOOP_ANALYSIS = YES;
				CLANG_WARN_STRICT_PROTOTYPES = YES;
				CLANG_WARN_SUSPICIOUS_MOVE = YES;
				CLANG_WARN_UNGUARDED_AVAILABILITY = YES_AGGRESSIVE;
				CLANG_WARN_UNREACHABLE_CODE = YES;
				CLANG_WARN__DUPLICATE_METHOD_MATCH = YES;
				COPY_PHASE_STRIP = NO;
				DEBUG_INFORMATION_FORMAT = "dwarf-with-dsym";
				ENABLE_NS_ASSERTIONS = NO;
				ENABLE_STRICT_OBJC_MSGSEND = YES;
				GCC_C_LANGUAGE_STANDARD = gnu11;
				GCC_NO_COMMON_BLOCKS = YES;
				GCC_WARN_64_TO_32_BIT_CONVERSION = YES;
				GCC_WARN_ABOUT_RETURN_TYPE = YES_ERROR;
				GCC_WARN_UNDECLARED_SELECTOR = YES;
				GCC_WARN_UNINITIALIZED_AUTOS = YES_AGGRESSIVE;
				GCC_WARN_UNUSED_FUNCTION = YES;
				GCC_WARN_UNUSED_VARIABLE = YES;
				IPHONEOS_DEPLOYMENT_TARGET = 13.6;
				MTL_ENABLE_DEBUG_INFO = NO;
				MTL_FAST_MATH = YES;
				SDKROOT = iphoneos;
				SWIFT_COMPILATION_MODE = wholemodule;
				SWIFT_OPTIMIZATION_LEVEL = "-O";
				VALIDATE_PRODUCT = YES;
			};
			name = Release;
		};
		24FCB31A2508ED1E00757637 /* Debug */ = {
			isa = XCBuildConfiguration;
			baseConfigurationReference = E386FD7847BC2EC4242211C6 /* Pods-FloraLookup.debug.xcconfig */;
			buildSettings = {
				ASSETCATALOG_COMPILER_APPICON_NAME = AppIcon;
				CODE_SIGN_STYLE = Automatic;
				DEVELOPMENT_TEAM = AY73PCF9K9;
				INFOPLIST_FILE = FloraLookup/Info.plist;
				LD_RUNPATH_SEARCH_PATHS = (
					"$(inherited)",
					"@executable_path/Frameworks",
				);
				PRODUCT_BUNDLE_IDENTIFIER = com.ameermuhammed.FloraLookup;
				PRODUCT_NAME = "Flora Lookup";
				SWIFT_VERSION = 5.0;
				TARGETED_DEVICE_FAMILY = "1,2";
			};
			name = Debug;
		};
		24FCB31B2508ED1E00757637 /* Release */ = {
			isa = XCBuildConfiguration;
			baseConfigurationReference = B210037FBBB5E183F4B0C8F0 /* Pods-FloraLookup.release.xcconfig */;
			buildSettings = {
				ASSETCATALOG_COMPILER_APPICON_NAME = AppIcon;
				CODE_SIGN_STYLE = Automatic;
				DEVELOPMENT_TEAM = AY73PCF9K9;
				INFOPLIST_FILE = FloraLookup/Info.plist;
				LD_RUNPATH_SEARCH_PATHS = (
					"$(inherited)",
					"@executable_path/Frameworks",
				);
				PRODUCT_BUNDLE_IDENTIFIER = com.ameermuhammed.FloraLookup;
				PRODUCT_NAME = "Flora Lookup";
				SWIFT_VERSION = 5.0;
				TARGETED_DEVICE_FAMILY = "1,2";
			};
			name = Release;
		};
/* End XCBuildConfiguration section */

/* Begin XCConfigurationList section */
		24FCB3002508ED1D00757637 /* Build configuration list for PBXProject "FloraLookup" */ = {
			isa = XCConfigurationList;
			buildConfigurations = (
				24FCB3172508ED1E00757637 /* Debug */,
				24FCB3182508ED1E00757637 /* Release */,
			);
			defaultConfigurationIsVisible = 0;
			defaultConfigurationName = Release;
		};
		24FCB3192508ED1E00757637 /* Build configuration list for PBXNativeTarget "FloraLookup" */ = {
			isa = XCConfigurationList;
			buildConfigurations = (
				24FCB31A2508ED1E00757637 /* Debug */,
				24FCB31B2508ED1E00757637 /* Release */,
			);
			defaultConfigurationIsVisible = 0;
			defaultConfigurationName = Release;
		};
/* End XCConfigurationList section */
	};
	rootObject = 24FCB2FD2508ED1D00757637 /* Project object */;
}
